
Microsoft Visual Studio Solution File, Format Version 12.00
# Visual Studio Version 17
VisualStudioVersion = 17.13.35931.197 d17.13
MinimumVisualStudioVersion = 10.0.40219.1
Project("{FAE04EC0-301F-11D3-BF4B-00C04F79EFBC}") = "CleanService", "CleanService.csproj", "{22EE50EA-69C3-4019-8770-E63ABBA23C53}"
EndProject
Global
	GlobalSection(SolutionConfigurationPlatforms) = preSolution
		Debug|Any CPU = Debug|Any CPU
		Release|Any CPU = Release|Any CPU
	EndGlobalSection
	GlobalSection(ProjectConfigurationPlatforms) = postSolution
		{22EE50EA-69C3-4019-8770-E63ABBA23C53}.Debug|Any CPU.ActiveCfg = Debug|Any CPU
		{22EE50EA-69C3-4019-8770-E63ABBA23C53}.Debug|Any CPU.Build.0 = Debug|Any CPU
		{22EE50EA-69C3-4019-8770-E63ABBA23C53}.Release|Any CPU.ActiveCfg = Release|Any CPU
		{22EE50EA-69C3-4019-8770-E63ABBA23C53}.Release|Any CPU.Build.0 = Release|Any CPU
	EndGlobalSection
	GlobalSection(SolutionProperties) = preSolution
		HideSolutionNode = FALSE
	EndGlobalSection
	GlobalSection(ExtensibilityGlobals) = postSolution
		SolutionGuid = {F7AD1A3E-5398-4E05-80A2-41F7369770C9}
	EndGlobalSection
EndGlobal
